PODS:
  - CatalogByConvention (2.0.0)
  - IndefiniteObservable (3.1.0):
    - IndefiniteObservable/lib (= 3.1.0)
  - IndefiniteObservable/lib (3.1.0)
  - MaterialMotion (1.0.0):
    - IndefiniteObservable (~> 3.0)

DEPENDENCIES:
  - CatalogByConvention
  - MaterialMotion (from `./`)

EXTERNAL SOURCES:
  MaterialMotion:
    :path: "./"

SPEC CHECKSUMS:
  CatalogByConvention: be55c2263132e4f9f59299ac8a528ee8715b3275
  IndefiniteObservable: 2789d61f487d8d37fa2b9c3153cc44d4447ff744
  MaterialMotion: 0b9377050341c28001d6b21e51d1a8ed8ea93c67

PODFILE CHECKSUM: e1c016390b0ea0d67da27e97ee4be0ebf5bdebf4

COCOAPODS: 1.2.0
