// !$*UTF8*$!
{
	archiveVersion = 1;
	classes = {
	};
	objectVersion = 46;
	objects = {

/* Begin PBXBuildFile section */
		237F8136357F3FA9B6DFA82F /* Pods_UnitTests.framework in Frameworks */ = {isa = PBXBuildFile; fileRef = B05E63B8F92D94A8819B0ABB /* Pods_UnitTests.framework */; };
		66090B841E03715F00B1D598 /* PropertyObservation.swift in Sources */ = {isa = PBXBuildFile; fileRef = 66090B831E03715F00B1D598 /* PropertyObservation.swift */; };
		66090B8A1E046CE600B1D598 /* Spring.swift in Sources */ = {isa = PBXBuildFile; fileRef = 66090B891E046CE600B1D598 /* Spring.swift */; };
		6627FC0E1DF7B1A2003DB567 /* MotionObservableTests.swift in Sources */ = {isa = PBXBuildFile; fileRef = 6627FC0D1DF7B1A2003DB567 /* MotionObservableTests.swift */; };
		6627FC191DF7BC7D003DB567 /* _filterTests.swift in Sources */ = {isa = PBXBuildFile; fileRef = 6627FC161DF7BC7D003DB567 /* _filterTests.swift */; };
		6627FC1A1DF7BC7D003DB567 /* _mapTests.swift in Sources */ = {isa = PBXBuildFile; fileRef = 6627FC171DF7BC7D003DB567 /* _mapTests.swift */; };
		6627FC1B1DF7BC7D003DB567 /* _operatorTests.swift in Sources */ = {isa = PBXBuildFile; fileRef = 6627FC181DF7BC7D003DB567 /* _operatorTests.swift */; };
		6627FC1E1DF7BF59003DB567 /* ReactivePropertyTests.swift in Sources */ = {isa = PBXBuildFile; fileRef = 6627FC1D1DF7BF59003DB567 /* ReactivePropertyTests.swift */; };
		6627FC2F1DFFAEB7003DB567 /* CGPointTests.swift in Sources */ = {isa = PBXBuildFile; fileRef = 6627FC2E1DFFAEB7003DB567 /* CGPointTests.swift */; };
		6627FC341DFFB232003DB567 /* MotionAggregatorTests.swift in Sources */ = {isa = PBXBuildFile; fileRef = 6627FC331DFFB232003DB567 /* MotionAggregatorTests.swift */; };
		664A5B771DD10D320082B5DF /* TableOfContents.swift in Sources */ = {isa = PBXBuildFile; fileRef = 664A5B761DD10D320082B5DF /* TableOfContents.swift */; };
		666FAA841D384A6B000363DA /* AppDelegate.swift in Sources */ = {isa = PBXBuildFile; fileRef = 666FAA831D384A6B000363DA /* AppDelegate.swift */; };
		666FAA8B1D384A6B000363DA /* Assets.xcassets in Resources */ = {isa = PBXBuildFile; fileRef = 666FAA8A1D384A6B000363DA /* Assets.xcassets */; };
		666FAA8E1D384A6B000363DA /* LaunchScreen.storyboard in Resources */ = {isa = PBXBuildFile; fileRef = 666FAA8C1D384A6B000363DA /* LaunchScreen.storyboard */; };
		668449ED1E5A13F700B5F1D7 /* LiteralsAsStreamsTests.swift in Sources */ = {isa = PBXBuildFile; fileRef = 668449EB1E5A13F300B5F1D7 /* LiteralsAsStreamsTests.swift */; };
		669F80CA1E41A20E00E46B38 /* Stickers.xcassets in Resources */ = {isa = PBXBuildFile; fileRef = 669F80C91E41A20E00E46B38 /* Stickers.xcassets */; };
		66E6F2371E3FC791003158D3 /* PhotoAlbum.xcassets in Resources */ = {isa = PBXBuildFile; fileRef = 66E6F2361E3FC791003158D3 /* PhotoAlbum.xcassets */; };
		C1F5E1D37D0DA71224EFC15E /* Pods_Catalog.framework in Frameworks */ = {isa = PBXBuildFile; fileRef = E95CBDC1BABF9E6E385A124B /* Pods_Catalog.framework */; };
/* End PBXBuildFile section */

/* Begin PBXContainerItemProxy section */
		666FAA951D384A6B000363DA /* PBXContainerItemProxy */ = {
			isa = PBXContainerItemProxy;
			containerPortal = 666FAA781D384A6B000363DA /* Project object */;
			proxyType = 1;
			remoteGlobalIDString = 666FAA7F1D384A6B000363DA;
			remoteInfo = Catalog;
		};
/* End PBXContainerItemProxy section */

/* Begin PBXFileReference section */
		151ACFA24257B9AC82434343 /* Pods-Catalog.debug.xcconfig */ = {isa = PBXFileReference; includeInIndex = 1; lastKnownFileType = text.xcconfig; name = "Pods-Catalog.debug.xcconfig"; path = "../../../Pods/Target Support Files/Pods-Catalog/Pods-Catalog.debug.xcconfig"; sourceTree = "<group>"; };
		1ED93D5A76FA3E96C6C84FF6 /* Pods-Catalog.release.xcconfig */ = {isa = PBXFileReference; includeInIndex = 1; lastKnownFileType = text.xcconfig; name = "Pods-Catalog.release.xcconfig"; path = "../../../Pods/Target Support Files/Pods-Catalog/Pods-Catalog.release.xcconfig"; sourceTree = "<group>"; };
		66090B831E03715F00B1D598 /* PropertyObservation.swift */ = {isa = PBXFileReference; fileEncoding = 4; lastKnownFileType = sourcecode.swift; path = PropertyObservation.swift; sourceTree = "<group>"; };
		66090B891E046CE600B1D598 /* Spring.swift */ = {isa = PBXFileReference; fileEncoding = 4; lastKnownFileType = sourcecode.swift; path = Spring.swift; sourceTree = "<group>"; };
		6627FC0D1DF7B1A2003DB567 /* MotionObservableTests.swift */ = {isa = PBXFileReference; fileEncoding = 4; lastKnownFileType = sourcecode.swift; path = MotionObservableTests.swift; sourceTree = "<group>"; };
		6627FC161DF7BC7D003DB567 /* _filterTests.swift */ = {isa = PBXFileReference; fileEncoding = 4; lastKnownFileType = sourcecode.swift; path = _filterTests.swift; sourceTree = "<group>"; };
		6627FC171DF7BC7D003DB567 /* _mapTests.swift */ = {isa = PBXFileReference; fileEncoding = 4; lastKnownFileType = sourcecode.swift; path = _mapTests.swift; sourceTree = "<group>"; };
		6627FC181DF7BC7D003DB567 /* _operatorTests.swift */ = {isa = PBXFileReference; fileEncoding = 4; lastKnownFileType = sourcecode.swift; path = _operatorTests.swift; sourceTree = "<group>"; };
		6627FC1D1DF7BF59003DB567 /* ReactivePropertyTests.swift */ = {isa = PBXFileReference; fileEncoding = 4; lastKnownFileType = sourcecode.swift; path = ReactivePropertyTests.swift; sourceTree = "<group>"; };
		6627FC2E1DFFAEB7003DB567 /* CGPointTests.swift */ = {isa = PBXFileReference; fileEncoding = 4; lastKnownFileType = sourcecode.swift; path = CGPointTests.swift; sourceTree = "<group>"; };
		6627FC331DFFB232003DB567 /* MotionAggregatorTests.swift */ = {isa = PBXFileReference; fileEncoding = 4; lastKnownFileType = sourcecode.swift; path = MotionAggregatorTests.swift; sourceTree = "<group>"; };
		664A5B761DD10D320082B5DF /* TableOfContents.swift */ = {isa = PBXFileReference; fileEncoding = 4; lastKnownFileType = sourcecode.swift; name = TableOfContents.swift; path = Catalog/TableOfContents.swift; sourceTree = "<group>"; };
		666FAA801D384A6B000363DA /* Catalog.app */ = {isa = PBXFileReference; explicitFileType = wrapper.application; includeInIndex = 0; path = Catalog.app; sourceTree = BUILT_PRODUCTS_DIR; };
		666FAA831D384A6B000363DA /* AppDelegate.swift */ = {isa = PBXFileReference; lastKnownFileType = sourcecode.swift; name = AppDelegate.swift; path = Catalog/AppDelegate.swift; sourceTree = "<group>"; };
		666FAA8A1D384A6B000363DA /* Assets.xcassets */ = {isa = PBXFileReference; lastKnownFileType = folder.assetcatalog; path = Assets.xcassets; sourceTree = "<group>"; };
		666FAA8D1D384A6B000363DA /* Base */ = {isa = PBXFileReference; lastKnownFileType = file.storyboard; name = Base; path = Base.lproj/LaunchScreen.storyboard; sourceTree = "<group>"; };
		666FAA8F1D384A6B000363DA /* Info.plist */ = {isa = PBXFileReference; lastKnownFileType = text.plist.xml; path = Info.plist; sourceTree = "<group>"; };
		666FAA941D384A6B000363DA /* UnitTests.xctest */ = {isa = PBXFileReference; explicitFileType = wrapper.cfbundle; includeInIndex = 0; path = UnitTests.xctest; sourceTree = BUILT_PRODUCTS_DIR; };
		666FAA9A1D384A6B000363DA /* Info.plist */ = {isa = PBXFileReference; lastKnownFileType = text.plist.xml; name = Info.plist; path = ../UnitTests/Info.plist; sourceTree = "<group>"; };
		668449EB1E5A13F300B5F1D7 /* LiteralsAsStreamsTests.swift */ = {isa = PBXFileReference; fileEncoding = 4; lastKnownFileType = sourcecode.swift; path = LiteralsAsStreamsTests.swift; sourceTree = "<group>"; };
		669F80C91E41A20E00E46B38 /* Stickers.xcassets */ = {isa = PBXFileReference; lastKnownFileType = folder.assetcatalog; path = Stickers.xcassets; sourceTree = SOURCE_ROOT; };
		66E6F2361E3FC791003158D3 /* PhotoAlbum.xcassets */ = {isa = PBXFileReference; lastKnownFileType = folder.assetcatalog; path = PhotoAlbum.xcassets; sourceTree = SOURCE_ROOT; };
		B05E63B8F92D94A8819B0ABB /* Pods_UnitTests.framework */ = {isa = PBXFileReference; explicitFileType = wrapper.framework; includeInIndex = 0; path = Pods_UnitTests.framework; sourceTree = BUILT_PRODUCTS_DIR; };
		BC5B661FDF1C5375A0D3B88E /* Pods-UnitTests.release.xcconfig */ = {isa = PBXFileReference; includeInIndex = 1; lastKnownFileType = text.xcconfig; name = "Pods-UnitTests.release.xcconfig"; path = "../../../Pods/Target Support Files/Pods-UnitTests/Pods-UnitTests.release.xcconfig"; sourceTree = "<group>"; };
		CDC06A5F25259A3DF6FB850C /* Pods-UnitTests.debug.xcconfig */ = {isa = PBXFileReference; includeInIndex = 1; lastKnownFileType = text.xcconfig; name = "Pods-UnitTests.debug.xcconfig"; path = "../../../Pods/Target Support Files/Pods-UnitTests/Pods-UnitTests.debug.xcconfig"; sourceTree = "<group>"; };
		E95CBDC1BABF9E6E385A124B /* Pods_Catalog.framework */ = {isa = PBXFileReference; explicitFileType = wrapper.framework; includeInIndex = 0; path = Pods_Catalog.framework; sourceTree = BUILT_PRODUCTS_DIR; };
/* End PBXFileReference section */

/* Begin PBXFrameworksBuildPhase section */
		D1C0B5DF5DCE9D3EE28C4526 /* Frameworks */ = {
			isa = PBXFrameworksBuildPhase;
			buildActionMask = 2147483647;
			files = (
				C1F5E1D37D0DA71224EFC15E /* Pods_Catalog.framework in Frameworks */,
			);
			runOnlyForDeploymentPostprocessing = 0;
		};
		FEF09F4949A5B89F40E1A07C /* Frameworks */ = {
			isa = PBXFrameworksBuildPhase;
			buildActionMask = 2147483647;
			files = (
				237F8136357F3FA9B6DFA82F /* Pods_UnitTests.framework in Frameworks */,
			);
			runOnlyForDeploymentPostprocessing = 0;
		};
/* End PBXFrameworksBuildPhase section */

/* Begin PBXGroup section */
		55522CEC0E1A48761F6C69C3 /* Frameworks */ = {
			isa = PBXGroup;
			children = (
				E95CBDC1BABF9E6E385A124B /* Pods_Catalog.framework */,
				B05E63B8F92D94A8819B0ABB /* Pods_UnitTests.framework */,
			);
			name = Frameworks;
			sourceTree = "<group>";
		};
		66090B881E046CE600B1D598 /* plans */ = {
			isa = PBXGroup;
			children = (
				66090B891E046CE600B1D598 /* Spring.swift */,
			);
			path = plans;
			sourceTree = "<group>";
		};
		6627FC0C1DF7B1A2003DB567 /* unit */ = {
			isa = PBXGroup;
			children = (
				6627FC151DF7BC7D003DB567 /* operator */,
				66090B881E046CE600B1D598 /* plans */,
				6627FC1F1DF7C76C003DB567 /* properties */,
				6627FC0D1DF7B1A2003DB567 /* MotionObservableTests.swift */,
				6627FC331DFFB232003DB567 /* MotionAggregatorTests.swift */,
				6627FC1D1DF7BF59003DB567 /* ReactivePropertyTests.swift */,
				668449EB1E5A13F300B5F1D7 /* LiteralsAsStreamsTests.swift */,
			);
			name = unit;
			sourceTree = "<group>";
		};
		6627FC151DF7BC7D003DB567 /* operator */ = {
			isa = PBXGroup;
			children = (
				6627FC161DF7BC7D003DB567 /* _filterTests.swift */,
				6627FC171DF7BC7D003DB567 /* _mapTests.swift */,
				6627FC181DF7BC7D003DB567 /* _operatorTests.swift */,
				6627FC2E1DFFAEB7003DB567 /* CGPointTests.swift */,
			);
			path = operator;
			sourceTree = "<group>";
		};
		6627FC1F1DF7C76C003DB567 /* properties */ = {
			isa = PBXGroup;
			children = (
				66090B831E03715F00B1D598 /* PropertyObservation.swift */,
			);
			path = properties;
			sourceTree = "<group>";
		};
		666FAA771D384A6B000363DA = {
			isa = PBXGroup;
			children = (
				664A5B761DD10D320082B5DF /* TableOfContents.swift */,
				666FAAA61D384B77000363DA /* catalog */,
				666FAA971D384A6B000363DA /* tests */,
				666FAA821D384A6B000363DA /* resources */,
				666FAA811D384A6B000363DA /* Products */,
				8C6A745BCA20C3282C1419A7 /* Pods */,
				55522CEC0E1A48761F6C69C3 /* Frameworks */,
			);
			sourceTree = "<group>";
		};
		666FAA811D384A6B000363DA /* Products */ = {
			isa = PBXGroup;
			children = (
				666FAA801D384A6B000363DA /* Catalog.app */,
				666FAA941D384A6B000363DA /* UnitTests.xctest */,
			);
			name = Products;
			sourceTree = "<group>";
		};
		666FAA821D384A6B000363DA /* resources */ = {
			isa = PBXGroup;
			children = (
				669F80C91E41A20E00E46B38 /* Stickers.xcassets */,
				66E6F2361E3FC791003158D3 /* PhotoAlbum.xcassets */,
				666FAAA51D384B5B000363DA /* catalog */,
				666FAAA41D384B52000363DA /* tests */,
			);
			name = resources;
			path = Catalog;
			sourceTree = "<group>";
		};
		666FAA971D384A6B000363DA /* tests */ = {
			isa = PBXGroup;
			children = (
				6627FC0C1DF7B1A2003DB567 /* unit */,
			);
			name = tests;
			path = ../../../tests/unit;
			sourceTree = "<group>";
		};
		666FAAA41D384B52000363DA /* tests */ = {
			isa = PBXGroup;
			children = (
				666FAA9A1D384A6B000363DA /* Info.plist */,
			);
			name = tests;
			sourceTree = "<group>";
		};
		666FAAA51D384B5B000363DA /* catalog */ = {
			isa = PBXGroup;
			children = (
				666FAA8A1D384A6B000363DA /* Assets.xcassets */,
				666FAA8C1D384A6B000363DA /* LaunchScreen.storyboard */,
				666FAA8F1D384A6B000363DA /* Info.plist */,
			);
			name = catalog;
			sourceTree = "<group>";
		};
		666FAAA61D384B77000363DA /* catalog */ = {
			isa = PBXGroup;
			children = (
				666FAA831D384A6B000363DA /* AppDelegate.swift */,
			);
			name = catalog;
			sourceTree = "<group>";
		};
		8C6A745BCA20C3282C1419A7 /* Pods */ = {
			isa = PBXGroup;
			children = (
				151ACFA24257B9AC82434343 /* Pods-Catalog.debug.xcconfig */,
				1ED93D5A76FA3E96C6C84FF6 /* Pods-Catalog.release.xcconfig */,
				CDC06A5F25259A3DF6FB850C /* Pods-UnitTests.debug.xcconfig */,
				BC5B661FDF1C5375A0D3B88E /* Pods-UnitTests.release.xcconfig */,
			);
			name = Pods;
			sourceTree = "<group>";
		};
/* End PBXGroup section */

/* Begin PBXNativeTarget section */
		666FAA7F1D384A6B000363DA /* Catalog */ = {
			isa = PBXNativeTarget;
			buildConfigurationList = 666FAA9D1D384A6B000363DA /* Build configuration list for PBXNativeTarget "Catalog" */;
			buildPhases = (
				D3964710E4A0BF0CAB650C97 /* [CP] Check Pods Manifest.lock */,
				666FAA7C1D384A6B000363DA /* Sources */,
				666FAA7E1D384A6B000363DA /* Resources */,
				D1C0B5DF5DCE9D3EE28C4526 /* Frameworks */,
				C9325E23F673320AA68E4454 /* [CP] Embed Pods Frameworks */,
				EB7C6DD2173F1ECC53B39489 /* [CP] Copy Pods Resources */,
			);
			buildRules = (
			);
			dependencies = (
			);
			name = Catalog;
			productName = Catalog;
			productReference = 666FAA801D384A6B000363DA /* Catalog.app */;
			productType = "com.apple.product-type.application";
		};
		666FAA931D384A6B000363DA /* UnitTests */ = {
			isa = PBXNativeTarget;
			buildConfigurationList = 666FAAA01D384A6B000363DA /* Build configuration list for PBXNativeTarget "UnitTests" */;
			buildPhases = (
				89A1CBE7832321B6BDD6DF49 /* [CP] Check Pods Manifest.lock */,
				666FAA901D384A6B000363DA /* Sources */,
				666FAA921D384A6B000363DA /* Resources */,
				FEF09F4949A5B89F40E1A07C /* Frameworks */,
				AB5CE9B6F7BA7DAF5647CAE8 /* [CP] Embed Pods Frameworks */,
				8326CE3610994B6A9BE7EAA9 /* [CP] Copy Pods Resources */,
			);
			buildRules = (
			);
			dependencies = (
				666FAA961D384A6B000363DA /* PBXTargetDependency */,
			);
			name = UnitTests;
			productName = CatalogTests;
			productReference = 666FAA941D384A6B000363DA /* UnitTests.xctest */;
			productType = "com.apple.product-type.bundle.unit-test";
		};
/* End PBXNativeTarget section */

/* Begin PBXProject section */
		666FAA781D384A6B000363DA /* Project object */ = {
			isa = PBXProject;
			attributes = {
				LastSwiftUpdateCheck = 0730;
				LastUpgradeCheck = 0800;
				ORGANIZATIONNAME = Google;
				TargetAttributes = {
					666FAA7F1D384A6B000363DA = {
						CreatedOnToolsVersion = 7.3.1;
						LastSwiftMigration = 0800;
					};
					666FAA931D384A6B000363DA = {
						CreatedOnToolsVersion = 7.3.1;
						LastSwiftMigration = 0800;
						TestTargetID = 666FAA7F1D384A6B000363DA;
					};
				};
			};
			buildConfigurationList = 666FAA7B1D384A6B000363DA /* Build configuration list for PBXProject "Catalog" */;
			compatibilityVersion = "Xcode 3.2";
			developmentRegion = English;
			hasScannedForEncodings = 0;
			knownRegions = (
				en,
				Base,
			);
			mainGroup = 666FAA771D384A6B000363DA;
			productRefGroup = 666FAA811D384A6B000363DA /* Products */;
			projectDirPath = "";
			projectRoot = "";
			targets = (
				666FAA7F1D384A6B000363DA /* Catalog */,
				666FAA931D384A6B000363DA /* UnitTests */,
			);
		};
/* End PBXProject section */

/* Begin PBXResourcesBuildPhase section */
		666FAA7E1D384A6B000363DA /* Resources */ = {
			isa = PBXResourcesBuildPhase;
			buildActionMask = 2147483647;
			files = (
				66E6F2371E3FC791003158D3 /* PhotoAlbum.xcassets in Resources */,
				669F80CA1E41A20E00E46B38 /* Stickers.xcassets in Resources */,
				666FAA8E1D384A6B000363DA /* LaunchScreen.storyboard in Resources */,
				666FAA8B1D384A6B000363DA /* Assets.xcassets in Resources */,
			);
			runOnlyForDeploymentPostprocessing = 0;
		};
		666FAA921D384A6B000363DA /* Resources */ = {
			isa = PBXResourcesBuildPhase;
			buildActionMask = 2147483647;
			files = (
			);
			runOnlyForDeploymentPostprocessing = 0;
		};
/* End PBXResourcesBuildPhase section */

/* Begin PBXShellScriptBuildPhase section */
		8326CE3610994B6A9BE7EAA9 /* [CP] Copy Pods Resources */ = {
			isa = PBXShellScriptBuildPhase;
			buildActionMask = 2147483647;
			files = (
			);
			inputPaths = (
			);
			name = "[CP] Copy Pods Resources";
			outputPaths = (
			);
			runOnlyForDeploymentPostprocessing = 0;
			shellPath = /bin/sh;
			shellScript = "\"${SRCROOT}/../../../Pods/Target Support Files/Pods-UnitTests/Pods-UnitTests-resources.sh\"\n";
			showEnvVarsInLog = 0;
		};
		89A1CBE7832321B6BDD6DF49 /* [CP] Check Pods Manifest.lock */ = {
			isa = PBXShellScriptBuildPhase;
			buildActionMask = 2147483647;
			files = (
			);
			inputPaths = (
			);
			name = "[CP] Check Pods Manifest.lock";
			outputPaths = (
			);
			runOnlyForDeploymentPostprocessing = 0;
			shellPath = /bin/sh;
			shellScript = "diff \"${PODS_ROOT}/../Podfile.lock\" \"${PODS_ROOT}/Manifest.lock\" > /dev/null\nif [ $? != 0 ] ; then\n    # print error to STDERR\n    echo \"error: The sandbox is not in sync with the Podfile.lock. Run 'pod install' or update your CocoaPods installation.\" >&2\n    exit 1\nfi\n";
			showEnvVarsInLog = 0;
		};
		AB5CE9B6F7BA7DAF5647CAE8 /* [CP] Embed Pods Frameworks */ = {
			isa = PBXShellScriptBuildPhase;
			buildActionMask = 2147483647;
			files = (
			);
			inputPaths = (
			);
			name = "[CP] Embed Pods Frameworks";
			outputPaths = (
			);
			runOnlyForDeploymentPostprocessing = 0;
			shellPath = /bin/sh;
			shellScript = "\"${SRCROOT}/../../../Pods/Target Support Files/Pods-UnitTests/Pods-UnitTests-frameworks.sh\"\n";
			showEnvVarsInLog = 0;
		};
		C9325E23F673320AA68E4454 /* [CP] Embed Pods Frameworks */ = {
			isa = PBXShellScriptBuildPhase;
			buildActionMask = 2147483647;
			files = (
			);
			inputPaths = (
			);
			name = "[CP] Embed Pods Frameworks";
			outputPaths = (
			);
			runOnlyForDeploymentPostprocessing = 0;
			shellPath = /bin/sh;
			shellScript = "\"${SRCROOT}/../../../Pods/Target Support Files/Pods-Catalog/Pods-Catalog-frameworks.sh\"\n";
			showEnvVarsInLog = 0;
		};
		D3964710E4A0BF0CAB650C97 /* [CP] Check Pods Manifest.lock */ = {
			isa = PBXShellScriptBuildPhase;
			buildActionMask = 2147483647;
			files = (
			);
			inputPaths = (
			);
			name = "[CP] Check Pods Manifest.lock";
			outputPaths = (
			);
			runOnlyForDeploymentPostprocessing = 0;
			shellPath = /bin/sh;
			shellScript = "diff \"${PODS_ROOT}/../Podfile.lock\" \"${PODS_ROOT}/Manifest.lock\" > /dev/null\nif [ $? != 0 ] ; then\n    # print error to STDERR\n    echo \"error: The sandbox is not in sync with the Podfile.lock. Run 'pod install' or update your CocoaPods installation.\" >&2\n    exit 1\nfi\n";
			showEnvVarsInLog = 0;
		};
		EB7C6DD2173F1ECC53B39489 /* [CP] Copy Pods Resources */ = {
			isa = PBXShellScriptBuildPhase;
			buildActionMask = 2147483647;
			files = (
			);
			inputPaths = (
			);
			name = "[CP] Copy Pods Resources";
			outputPaths = (
			);
			runOnlyForDeploymentPostprocessing = 0;
			shellPath = /bin/sh;
			shellScript = "\"${SRCROOT}/../../../Pods/Target Support Files/Pods-Catalog/Pods-Catalog-resources.sh\"\n";
			showEnvVarsInLog = 0;
		};
/* End PBXShellScriptBuildPhase section */

/* Begin PBXSourcesBuildPhase section */
		666FAA7C1D384A6B000363DA /* Sources */ = {
			isa = PBXSourcesBuildPhase;
			buildActionMask = 2147483647;
			files = (
				666FAA841D384A6B000363DA /* AppDelegate.swift in Sources */,
				664A5B771DD10D320082B5DF /* TableOfContents.swift in Sources */,
			);
			runOnlyForDeploymentPostprocessing = 0;
		};
		666FAA901D384A6B000363DA /* Sources */ = {
			isa = PBXSourcesBuildPhase;
			buildActionMask = 2147483647;
			files = (
				6627FC1A1DF7BC7D003DB567 /* _mapTests.swift in Sources */,
				6627FC1E1DF7BF59003DB567 /* ReactivePropertyTests.swift in Sources */,
				6627FC2F1DFFAEB7003DB567 /* CGPointTests.swift in Sources */,
				6627FC1B1DF7BC7D003DB567 /* _operatorTests.swift in Sources */,
				66090B8A1E046CE600B1D598 /* Spring.swift in Sources */,
				668449ED1E5A13F700B5F1D7 /* LiteralsAsStreamsTests.swift in Sources */,
				6627FC0E1DF7B1A2003DB567 /* MotionObservableTests.swift in Sources */,
				66090B841E03715F00B1D598 /* PropertyObservation.swift in Sources */,
				6627FC341DFFB232003DB567 /* MotionAggregatorTests.swift in Sources */,
				6627FC191DF7BC7D003DB567 /* _filterTests.swift in Sources */,
			);
			runOnlyForDeploymentPostprocessing = 0;
		};
/* End PBXSourcesBuildPhase section */

/* Begin PBXTargetDependency section */
		666FAA961D384A6B000363DA /* PBXTargetDependency */ = {
			isa = PBXTargetDependency;
			target = 666FAA7F1D384A6B000363DA /* Catalog */;
			targetProxy = 666FAA951D384A6B000363DA /* PBXContainerItemProxy */;
		};
/* End PBXTargetDependency section */

/* Begin PBXVariantGroup section */
		666FAA8C1D384A6B000363DA /* LaunchScreen.storyboard */ = {
			isa = PBXVariantGroup;
			children = (
				666FAA8D1D384A6B000363DA /* Base */,
			);
			name = LaunchScreen.storyboard;
			sourceTree = "<group>";
		};
/* End PBXVariantGroup section */

/* Begin XCBuildConfiguration section */
		666FAA9B1D384A6B000363DA /* Debug */ = {
			isa = XCBuildConfiguration;
			buildSettings = {
				ALWAYS_SEARCH_USER_PATHS = NO;
				CLANG_ANALYZER_NONNULL = YES;
				CLANG_CXX_LANGUAGE_STANDARD = "gnu++0x";
				CLANG_CXX_LIBRARY = "libc++";
				CLANG_ENABLE_MODULES = YES;
				CLANG_ENABLE_OBJC_ARC = YES;
				CLANG_WARN_BOOL_CONVERSION = YES;
				CLANG_WARN_CONSTANT_CONVERSION = YES;
				CLANG_WARN_DIRECT_OBJC_ISA_USAGE = YES_ERROR;
				CLANG_WARN_EMPTY_BODY = YES;
				CLANG_WARN_ENUM_CONVERSION = YES;
				CLANG_WARN_INT_CONVERSION = YES;
				CLANG_WARN_OBJC_ROOT_CLASS = YES_ERROR;
				CLANG_WARN_UNREACHABLE_CODE = YES;
				CLANG_WARN__DUPLICATE_METHOD_MATCH = YES;
				"CODE_SIGN_IDENTITY[sdk=iphoneos*]" = "iPhone Developer";
				COPY_PHASE_STRIP = NO;
				DEBUG_INFORMATION_FORMAT = dwarf;
				ENABLE_STRICT_OBJC_MSGSEND = YES;
				ENABLE_TESTABILITY = YES;
				GCC_C_LANGUAGE_STANDARD = gnu99;
				GCC_DYNAMIC_NO_PIC = NO;
				GCC_NO_COMMON_BLOCKS = YES;
				GCC_OPTIMIZATION_LEVEL = 0;
				GCC_PREPROCESSOR_DEFINITIONS = (
					"DEBUG=1",
					"$(inherited)",
				);
				GCC_WARN_64_TO_32_BIT_CONVERSION = YES;
				GCC_WARN_ABOUT_RETURN_TYPE = YES_ERROR;
				GCC_WARN_UNDECLARED_SELECTOR = YES;
				GCC_WARN_UNINITIALIZED_AUTOS = YES_AGGRESSIVE;
				GCC_WARN_UNUSED_FUNCTION = YES;
				GCC_WARN_UNUSED_VARIABLE = YES;
				IPHONEOS_DEPLOYMENT_TARGET = 8.0;
				MTL_ENABLE_DEBUG_INFO = YES;
				ONLY_ACTIVE_ARCH = YES;
				SDKROOT = iphoneos;
				SWIFT_OPTIMIZATION_LEVEL = "-Onone";
				TARGETED_DEVICE_FAMILY = "1,2";
			};
			name = Debug;
		};
		666FAA9C1D384A6B000363DA /* Release */ = {
			isa = XCBuildConfiguration;
			buildSettings = {
				ALWAYS_SEARCH_USER_PATHS = NO;
				CLANG_ANALYZER_NONNULL = YES;
				CLANG_CXX_LANGUAGE_STANDARD = "gnu++0x";
				CLANG_CXX_LIBRARY = "libc++";
				CLANG_ENABLE_MODULES = YES;
				CLANG_ENABLE_OBJC_ARC = YES;
				CLANG_WARN_BOOL_CONVERSION = YES;
				CLANG_WARN_CONSTANT_CONVERSION = YES;
				CLANG_WARN_DIRECT_OBJC_ISA_USAGE = YES_ERROR;
				CLANG_WARN_EMPTY_BODY = YES;
				CLANG_WARN_ENUM_CONVERSION = YES;
				CLANG_WARN_INT_CONVERSION = YES;
				CLANG_WARN_OBJC_ROOT_CLASS = YES_ERROR;
				CLANG_WARN_UNREACHABLE_CODE = YES;
				CLANG_WARN__DUPLICATE_METHOD_MATCH = YES;
				"CODE_SIGN_IDENTITY[sdk=iphoneos*]" = "iPhone Developer";
				COPY_PHASE_STRIP = NO;
				DEBUG_INFORMATION_FORMAT = "dwarf-with-dsym";
				ENABLE_NS_ASSERTIONS = NO;
				ENABLE_STRICT_OBJC_MSGSEND = YES;
				GCC_C_LANGUAGE_STANDARD = gnu99;
				GCC_NO_COMMON_BLOCKS = YES;
				GCC_WARN_64_TO_32_BIT_CONVERSION = YES;
				GCC_WARN_ABOUT_RETURN_TYPE = YES_ERROR;
				GCC_WARN_UNDECLARED_SELECTOR = YES;
				GCC_WARN_UNINITIALIZED_AUTOS = YES_AGGRESSIVE;
				GCC_WARN_UNUSED_FUNCTION = YES;
				GCC_WARN_UNUSED_VARIABLE = YES;
				IPHONEOS_DEPLOYMENT_TARGET = 8.0;
				MTL_ENABLE_DEBUG_INFO = NO;
				SDKROOT = iphoneos;
				TARGETED_DEVICE_FAMILY = "1,2";
				VALIDATE_PRODUCT = YES;
			};
			name = Release;
		};
		666FAA9E1D384A6B000363DA /* Debug */ = {
			isa = XCBuildConfiguration;
			baseConfigurationReference = 151ACFA24257B9AC82434343 /* Pods-Catalog.debug.xcconfig */;
			buildSettings = {
				ASSETCATALOG_COMPILER_APPICON_NAME = AppIcon;
				INFOPLIST_FILE = Catalog/Info.plist;
				LD_RUNPATH_SEARCH_PATHS = "$(inherited) @executable_path/Frameworks";
				PRODUCT_BUNDLE_IDENTIFIER = com.google.Catalog;
				PRODUCT_NAME = "$(TARGET_NAME)";
				SWIFT_VERSION = 3.0;
			};
			name = Debug;
		};
		666FAA9F1D384A6B000363DA /* Release */ = {
			isa = XCBuildConfiguration;
			baseConfigurationReference = 1ED93D5A76FA3E96C6C84FF6 /* Pods-Catalog.release.xcconfig */;
			buildSettings = {
				ASSETCATALOG_COMPILER_APPICON_NAME = AppIcon;
				INFOPLIST_FILE = Catalog/Info.plist;
				LD_RUNPATH_SEARCH_PATHS = "$(inherited) @executable_path/Frameworks";
				PRODUCT_BUNDLE_IDENTIFIER = com.google.Catalog;
				PRODUCT_NAME = "$(TARGET_NAME)";
				SWIFT_OPTIMIZATION_LEVEL = "-Owholemodule";
				SWIFT_VERSION = 3.0;
			};
			name = Release;
		};
		666FAAA11D384A6B000363DA /* Debug */ = {
			isa = XCBuildConfiguration;
			baseConfigurationReference = CDC06A5F25259A3DF6FB850C /* Pods-UnitTests.debug.xcconfig */;
			buildSettings = {
				BUNDLE_LOADER = "$(TEST_HOST)";
				CLANG_ENABLE_MODULES = YES;
				INFOPLIST_FILE = UnitTests/Info.plist;
				LD_RUNPATH_SEARCH_PATHS = "$(inherited) @executable_path/Frameworks @loader_path/Frameworks";
				PRODUCT_BUNDLE_IDENTIFIER = com.google.CatalogTests;
				PRODUCT_NAME = "$(TARGET_NAME)";
				SWIFT_OPTIMIZATION_LEVEL = "-Onone";
				SWIFT_VERSION = 3.0;
				TEST_HOST = "$(BUILT_PRODUCTS_DIR)/Catalog.app/Catalog";
			};
			name = Debug;
		};
		666FAAA21D384A6B000363DA /* Release */ = {
			isa = XCBuildConfiguration;
			baseConfigurationReference = BC5B661FDF1C5375A0D3B88E /* Pods-UnitTests.release.xcconfig */;
			buildSettings = {
				BUNDLE_LOADER = "$(TEST_HOST)";
				CLANG_ENABLE_MODULES = YES;
				INFOPLIST_FILE = UnitTests/Info.plist;
				LD_RUNPATH_SEARCH_PATHS = "$(inherited) @executable_path/Frameworks @loader_path/Frameworks";
				PRODUCT_BUNDLE_IDENTIFIER = com.google.CatalogTests;
				PRODUCT_NAME = "$(TARGET_NAME)";
				SWIFT_OPTIMIZATION_LEVEL = "-Owholemodule";
				SWIFT_VERSION = 3.0;
				TEST_HOST = "$(BUILT_PRODUCTS_DIR)/Catalog.app/Catalog";
			};
			name = Release;
		};
/* End XCBuildConfiguration section */

/* Begin XCConfigurationList section */
		666FAA7B1D384A6B000363DA /* Build configuration list for PBXProject "Catalog" */ = {
			isa = XCConfigurationList;
			buildConfigurations = (
				666FAA9B1D384A6B000363DA /* Debug */,
				666FAA9C1D384A6B000363DA /* Release */,
			);
			defaultConfigurationIsVisible = 0;
			defaultConfigurationName = Release;
		};
		666FAA9D1D384A6B000363DA /* Build configuration list for PBXNativeTarget "Catalog" */ = {
			isa = XCConfigurationList;
			buildConfigurations = (
				666FAA9E1D384A6B000363DA /* Debug */,
				666FAA9F1D384A6B000363DA /* Release */,
			);
			defaultConfigurationIsVisible = 0;
			defaultConfigurationName = Release;
		};
		666FAAA01D384A6B000363DA /* Build configuration list for PBXNativeTarget "UnitTests" */ = {
			isa = XCConfigurationList;
			buildConfigurations = (
				666FAAA11D384A6B000363DA /* Debug */,
				666FAAA21D384A6B000363DA /* Release */,
			);
			defaultConfigurationIsVisible = 0;
			defaultConfigurationName = Release;
		};
/* End XCConfigurationList section */
	};
	rootObject = 666FAA781D384A6B000363DA /* Project object */;
}
